<?xml version="1.0" encoding="utf-8"?>
<Project ToolsVersion="4.0" xmlns="http://schemas.microsoft.com/developer/msbuild/2003">
  <ItemGroup>
    <Filter Include="Resource Files">
      <UniqueIdentifier>{1a913106-0be0-4476-b0ce-2aa855072614}</UniqueIdentifier>
      <Extensions>ico;cur;bmp;dlg;rc2;rct;bin;cnt;rtf;gif;jpg;jpeg;jpe</Extensions>
    </Filter>
    <Filter Include="MFC">
      <UniqueIdentifier>{da904ee8-7f59-4a6c-b3ff-b91b6fb6d0ea}</UniqueIdentifier>
    </Filter>
    <Filter Include="GameLibrary">
      <UniqueIdentifier>{df7aa532-3fdf-46a0-b3fc-8f5922e8d9e4}</UniqueIdentifier>
    </Filter>
    <Filter Include="MyGame">
      <UniqueIdentifier>{0c798913-b7d2-4e26-8241-0f83266cd626}</UniqueIdentifier>
    </Filter>
  </ItemGroup>
  <ItemGroup>
    <None Include="Res\ball.bmp">
      <Filter>Resource Files</Filter>
    </None>
    <None Include="RES\bmp0.bmp">
      <Filter>Resource Files</Filter>
    </None>
    <None Include="RES\bmp1.bmp">
      <Filter>Resource Files</Filter>
    </None>
    <None Include="RES\bmp10.bmp">
      <Filter>Resource Files</Filter>
    </None>
    <None Include="RES\bmp2.bmp">
      <Filter>Resource Files</Filter>
    </None>
    <None Include="RES\bmp3.bmp">
      <Filter>Resource Files</Filter>
    </None>
    <None Include="RES\bmp4.bmp">
      <Filter>Resource Files</Filter>
    </None>
    <None Include="RES\bmp5.bmp">
      <Filter>Resource Files</Filter>
    </None>
    <None Include="RES\bmp6.bmp">
      <Filter>Resource Files</Filter>
    </None>
    <None Include="RES\bmp7.bmp">
      <Filter>Resource Files</Filter>
    </None>
    <None Include="RES\bmp8.bmp">
      <Filter>Resource Files</Filter>
    </None>
    <None Include="RES\bmp9.bmp">
      <Filter>Resource Files</Filter>
    </None>
    <None Include="RES\center.bmp">
      <Filter>Resource Files</Filter>
    </None>
    <None Include="RES\continue.bmp">
      <Filter>Resource Files</Filter>
    </None>
    <None Include="Res\corner.bmp">
      <Filter>Resource Files</Filter>
    </None>
    <None Include="RES\eraser1.bmp">
      <Filter>Resource Files</Filter>
    </None>
    <None Include="RES\eraser2.bmp">
      <Filter>Resource Files</Filter>
    </None>
    <None Include="RES\eraser3.bmp">
      <Filter>Resource Files</Filter>
    </None>
    <None Include="res\game.ico">
      <Filter>Resource Files</Filter>
    </None>
    <None Include="res\game.rc2">
      <Filter>Resource Files</Filter>
    </None>
    <None Include="RES\gamecurs.cur">
      <Filter>Resource Files</Filter>
    </None>
    <None Include="res\gameDoc.ico">
      <Filter>Resource Files</Filter>
    </None>
    <None Include="RES\help.bmp">
      <Filter>Resource Files</Filter>
    </None>
    <None Include="RES\loading.bmp">
      <Filter>Resource Files</Filter>
    </None>
    <None Include="RES\ntutcsie.bmp">
      <Filter>Resource Files</Filter>
    </None>
    <None Include="res\Toolbar.bmp">
      <Filter>Resource Files</Filter>
    </None>
  </ItemGroup>
  <ItemGroup>
    <ClCompile Include="Source\audio.cpp">
      <Filter>GameLibrary</Filter>
    </ClCompile>
    <ClCompile Include="Source\game.cpp">
      <Filter>MFC</Filter>
    </ClCompile>
    <ClCompile Include="Source\gameDoc.cpp">
      <Filter>MFC</Filter>
    </ClCompile>
    <ClCompile Include="Source\gamelib.cpp">
      <Filter>GameLibrary</Filter>
    </ClCompile>
    <ClCompile Include="Source\gameView.cpp">
      <Filter>MFC</Filter>
    </ClCompile>
    <ClCompile Include="Source\MainFrm.cpp">
      <Filter>MFC</Filter>
    </ClCompile>
    <ClCompile Include="Source\StdAfx.cpp">
      <Filter>MFC</Filter>
    </ClCompile>
    <ClCompile Include="Source\mygame.cpp">
      <Filter>MyGame</Filter>
    </ClCompile>
    <ClCompile Include="Source\CBall.cpp">
      <Filter>MyGame</Filter>
    </ClCompile>
    <ClCompile Include="Source\CBouncingBall.cpp">
      <Filter>MyGame</Filter>
    </ClCompile>
    <ClCompile Include="Source\CHero.cpp">
      <Filter>MyGame</Filter>
    </ClCompile>
    <ClCompile Include="Source\gameMap.cpp">
      <Filter>MyGame</Filter>
    </ClCompile>
    <ClCompile Include="Source\CEnemy.cpp">
      <Filter>MyGame</Filter>
    </ClCompile>
    <ClCompile Include="Source\NPC.cpp">
      <Filter>MyGame</Filter>
    </ClCompile>
    <ClCompile Include="Source\NPC_2.cpp">
      <Filter>MFC</Filter>
    </ClCompile>
  </ItemGroup>
  <ItemGroup>
    <ClInclude Include="Source\audio.h">
      <Filter>GameLibrary</Filter>
    </ClInclude>
    <ClInclude Include="Source\game.h">
      <Filter>MFC</Filter>
    </ClInclude>
    <ClInclude Include="Source\gameDoc.h">
      <Filter>MFC</Filter>
    </ClInclude>
    <ClInclude Include="Source\gamelib.h">
      <Filter>GameLibrary</Filter>
    </ClInclude>
    <ClInclude Include="Source\gameView.h">
      <Filter>MFC</Filter>
    </ClInclude>
    <ClInclude Include="Source\MainFrm.h">
      <Filter>MFC</Filter>
    </ClInclude>
    <ClInclude Include="Source\Resource.h">
      <Filter>MFC</Filter>
    </ClInclude>
    <ClInclude Include="Source\StdAfx.h">
      <Filter>MFC</Filter>
    </ClInclude>
    <ClInclude Include="Source\mygame.h">
      <Filter>MyGame</Filter>
    </ClInclude>
    <ClInclude Include="Source\CBall.h">
      <Filter>MyGame</Filter>
    </ClInclude>
    <ClInclude Include="Source\CBouncingBall.h">
      <Filter>MyGame</Filter>
    </ClInclude>
    <ClInclude Include="Source\CHero.h">
      <Filter>MyGame</Filter>
    </ClInclude>
    <ClInclude Include="Source\gameMap.h">
      <Filter>MyGame</Filter>
    </ClInclude>
    <ClInclude Include="Source\CEnemy.h">
      <Filter>MyGame</Filter>
    </ClInclude>
    <ClInclude Include="Source\NPC.h">
      <Filter>MyGame</Filter>
    </ClInclude>
    <ClInclude Include="Source\NCP_2.h">
      <Filter>MyGame</Filter>
    </ClInclude>
  </ItemGroup>
  <ItemGroup>
    <ResourceCompile Include="Source\game.rc">
      <Filter>MFC</Filter>
    </ResourceCompile>
  </ItemGroup>
  <ItemGroup>
    <Image Include="RES\map_background.bmp">
      <Filter>Resource Files</Filter>
    </Image>
    <Image Include="RES\Item_Sword_29.png" />
    <Image Include="RES\Item_Sword_29.bmp">
      <Filter>Resource Files</Filter>
    </Image>
    <Image Include="RES\BIG_SWORD.bmp">
      <Filter>Resource Files</Filter>
    </Image>
    <Image Include="res\bitmap3.bmp">
      <Filter>Resource Files</Filter>
    </Image>
    <Image Include="RES\great_sword_logo.bmp">
      <Filter>Resource Files</Filter>
    </Image>
    <Image Include="RES\mapground.bmp">
      <Filter>Resource Files</Filter>
    </Image>
    <Image Include="RES\longGround.bmp">
      <Filter>Resource Files</Filter>
    </Image>
    <Image Include="RES\mapground1.bmp">
      <Filter>Resource Files</Filter>
    </Image>
    <Image Include="RES\mapSlideleftButtom.bmp">
      <Filter>Resource Files</Filter>
    </Image>
    <Image Include="RES\mapSlideleftButtom2.bmp">
      <Filter>Resource Files</Filter>
    </Image>
    <Image Include="RES\charactor\moveRight\HeroMoveRight_0.bmp">
      <Filter>Resource Files</Filter>
    </Image>
    <Image Include="RES\charactor\moveRight\HeroMoveRight_1.bmp">
      <Filter>Resource Files</Filter>
    </Image>
    <Image Include="RES\charactor\moveRight\HeroMoveRight_2.bmp">
      <Filter>Resource Files</Filter>
    </Image>
    <Image Include="RES\charactor\moveRight\HeroMoveRight_3.bmp">
      <Filter>Resource Files</Filter>
    </Image>
    <Image Include="RES\charactor\moveRight\HeroMoveRight_4.bmp">
      <Filter>Resource Files</Filter>
    </Image>
    <Image Include="RES\charactor\noMove\noMove_0.bmp">
      <Filter>Resource Files</Filter>
    </Image>
    <Image Include="RES\charactor\noMove\noMove_1.bmp">
      <Filter>Resource Files</Filter>
    </Image>
    <Image Include="RES\charactor\noMove\noMove_2.bmp">
      <Filter>Resource Files</Filter>
    </Image>
    <Image Include="RES\charactor\noMove\noMove_3.bmp">
      <Filter>Resource Files</Filter>
    </Image>
    <Image Include="RES\charactor\noMove\noMove_4.bmp">
      <Filter>Resource Files</Filter>
    </Image>
    <Image Include="RES\charactor\moveLeft\HeroMoveLeft_0.bmp">
      <Filter>Resource Files</Filter>
    </Image>
    <Image Include="RES\charactor\moveLeft\HeroMoveLeft_1.bmp">
      <Filter>Resource Files</Filter>
    </Image>
    <Image Include="RES\charactor\moveLeft\HeroMoveLeft_2.bmp">
      <Filter>Resource Files</Filter>
    </Image>
    <Image Include="RES\charactor\moveLeft\HeroMoveLeft_3.bmp">
      <Filter>Resource Files</Filter>
    </Image>
    <Image Include="RES\charactor\moveLeft\HeroMoveLeft_4.bmp">
      <Filter>Resource Files</Filter>
    </Image>
    <Image Include="RES\charactor\jump\HeroJump_0.bmp">
      <Filter>Resource Files</Filter>
    </Image>
    <Image Include="RES\charactor\jump\HeroJump_1.bmp">
      <Filter>Resource Files</Filter>
    </Image>
    <Image Include="RES\charactor\jump\HeroJump_2.bmp">
      <Filter>Resource Files</Filter>
    </Image>
    <Image Include="RES\charactor\jump\HeroJump_3.bmp">
      <Filter>Resource Files</Filter>
    </Image>
    <Image Include="RES\charactor\jump\HeroJump_4.bmp">
      <Filter>Resource Files</Filter>
    </Image>
    <Image Include="RES\charactor\jump\HeroJump_5.bmp">
      <Filter>Resource Files</Filter>
    </Image>
    <Image Include="RES\charactor\jump\HeroJump_6.bmp">
      <Filter>Resource Files</Filter>
    </Image>
    <Image Include="RES\charactor\jump\HeroJump_7.bmp">
      <Filter>Resource Files</Filter>
    </Image>
    <Image Include="RES\Enemy\SmileSunFlower\noMove\Smile SunFlower_0.bmp">
      <Filter>Resource Files</Filter>
    </Image>
    <Image Include="RES\Enemy\SmileSunFlower\noMove\Smile SunFlower_1.bmp">
      <Filter>Resource Files</Filter>
    </Image>
    <Image Include="RES\Enemy\SmileSunFlower\noMove\Smile SunFlower_2.bmp">
      <Filter>Resource Files</Filter>
    </Image>
    <Image Include="RES\charactor\noMove\noMove_0_1.bmp">
      <Filter>Resource Files</Filter>
    </Image>
    <Image Include="RES\charactor\noMove\noMove_1_1.bmp">
      <Filter>Resource Files</Filter>
    </Image>
    <Image Include="RES\charactor\noMove\noMove_2_1.bmp">
      <Filter>Resource Files</Filter>
    </Image>
    <Image Include="RES\charactor\noMove\noMove_3_1.bmp">
      <Filter>Resource Files</Filter>
    </Image>
    <Image Include="RES\charactor\noMove\noMove_4_1.bmp">
      <Filter>Resource Files</Filter>
    </Image>
    <Image Include="RES\Enemy\SmileSunFlower\rightWalk\Smile SunFlower_8.bmp">
      <Filter>Resource Files</Filter>
    </Image>
    <Image Include="RES\Enemy\SmileSunFlower\rightWalk\Smile SunFlower_9.bmp">
      <Filter>Resource Files</Filter>
    </Image>
    <Image Include="RES\Enemy\SmileSunFlower\rightWalk\Smile SunFlower_10.bmp">
      <Filter>Resource Files</Filter>
    </Image>
    <Image Include="RES\Enemy\SmileSunFlower\rightWalk\Smile SunFlower_11.bmp">
      <Filter>Resource Files</Filter>
    </Image>
    <Image Include="RES\Enemy\SmileSunFlower\rightWalk\Smile SunFlower_12.bmp">
      <Filter>Resource Files</Filter>
    </Image>
    <Image Include="RES\Enemy\SmileSunFlower\rightWalk\Smile SunFlower_13.bmp">
      <Filter>Resource Files</Filter>
    </Image>
    <Image Include="RES\Enemy\SmileSunFlower\rightWalk\Smile SunFlower_14.bmp">
      <Filter>Resource Files</Filter>
    </Image>
    <Image Include="RES\Enemy\SmileSunFlower\rightWalk\Smile SunFlower_15.bmp">
      <Filter>Resource Files</Filter>
    </Image>
    <Image Include="RES\Enemy\SmileSunFlower\rightWalk\Smile SunFlower_16.bmp">
      <Filter>Resource Files</Filter>
    </Image>
    <Image Include="RES\sword\noMove\sword_0.bmp">
      <Filter>Resource Files</Filter>
    </Image>
    <Image Include="RES\sword\noMove\sword_1.bmp">
      <Filter>Resource Files</Filter>
    </Image>
    <Image Include="RES\sword\noMove\sword_2.bmp">
      <Filter>Resource Files</Filter>
    </Image>
    <Image Include="RES\sword\noMove\sword_3.bmp">
      <Filter>Resource Files</Filter>
    </Image>
    <Image Include="RES\sword\noMove\sword_4.bmp">
      <Filter>Resource Files</Filter>
    </Image>
    <Image Include="RES\sword\noMove\sword_5.bmp">
      <Filter>Resource Files</Filter>
    </Image>
    <Image Include="RES\sword\noMove\sword_6.bmp">
      <Filter>Resource Files</Filter>
    </Image>
    <Image Include="RES\sword\noMove1\sword_0_1.bmp">
      <Filter>Resource Files</Filter>
    </Image>
    <Image Include="RES\sword\noMove1\sword_1_1.bmp">
      <Filter>Resource Files</Filter>
    </Image>
    <Image Include="RES\sword\noMove1\sword_2_1.bmp">
      <Filter>Resource Files</Filter>
    </Image>
    <Image Include="RES\sword\noMove1\sword_3_1.bmp">
      <Filter>Resource Files</Filter>
    </Image>
    <Image Include="RES\sword\noMove1\sword_4_1.bmp">
      <Filter>Resource Files</Filter>
    </Image>
    <Image Include="RES\sword\noMove1\sword_5_1.bmp">
      <Filter>Resource Files</Filter>
    </Image>
    <Image Include="RES\sword\noMove1\sword_6_1.bmp">
      <Filter>Resource Files</Filter>
    </Image>
    <Image Include="RES\charactor\attack\hero_attack_0.bmp">
      <Filter>Resource Files</Filter>
    </Image>
    <Image Include="RES\charactor\attack\hero_attack_1.bmp">
      <Filter>Resource Files</Filter>
    </Image>
    <Image Include="RES\charactor\attack\hero_attack_2.bmp">
      <Filter>Resource Files</Filter>
    </Image>
    <Image Include="RES\charactor\attack\hero_attack_3.bmp">
      <Filter>Resource Files</Filter>
    </Image>
    <Image Include="RES\sword\attackMode_1\swordAttackMode_0.bmp">
      <Filter>Resource Files</Filter>
    </Image>
    <Image Include="RES\sword\attackMode_1\swordAttackMode_1.bmp">
      <Filter>Resource Files</Filter>
    </Image>
    <Image Include="RES\sword\attackMode_1\swordAttackMode_2.bmp">
      <Filter>Resource Files</Filter>
    </Image>
    <Image Include="RES\sword\attackMode_1\swordAttackMode_3.bmp">
      <Filter>Resource Files</Filter>
    </Image>
    <Image Include="RES\sword\attackMode_1\swordAttackMode_4.bmp">
      <Filter>Resource Files</Filter>
    </Image>
    <Image Include="RES\sword\attackMode_1\swordAttackMode_5.bmp">
      <Filter>Resource Files</Filter>
    </Image>
    <Image Include="RES\sword\attackMode_1\swordAttackMode_6.bmp">
      <Filter>Resource Files</Filter>
    </Image>
    <Image Include="RES\charactor\attack1\hero_attack_0_1.bmp">
      <Filter>Resource Files</Filter>
    </Image>
    <Image Include="RES\charactor\attack1\hero_attack_1_1.bmp">
      <Filter>Resource Files</Filter>
    </Image>
    <Image Include="RES\charactor\attack1\hero_attack_2_1.bmp">
      <Filter>Resource Files</Filter>
    </Image>
    <Image Include="RES\charactor\attack1\hero_attack_3_1.bmp">
      <Filter>Resource Files</Filter>
    </Image>
    <Image Include="RES\sword\attackMode_1_1\swordAttackMode_0_1.bmp">
      <Filter>Resource Files</Filter>
    </Image>
    <Image Include="RES\sword\attackMode_1_1\swordAttackMode_1_1.bmp">
      <Filter>Resource Files</Filter>
    </Image>
    <Image Include="RES\sword\attackMode_1_1\swordAttackMode_2_1.bmp">
      <Filter>Resource Files</Filter>
    </Image>
    <Image Include="RES\sword\attackMode_1_1\swordAttackMode_3_1.bmp">
      <Filter>Resource Files</Filter>
    </Image>
    <Image Include="RES\sword\attackMode_1_1\swordAttackMode_4_1.bmp">
      <Filter>Resource Files</Filter>
    </Image>
    <Image Include="RES\sword\attackMode_1_1\swordAttackMode_5_1.bmp">
      <Filter>Resource Files</Filter>
    </Image>
    <Image Include="RES\sword\attackMode_1_1\swordAttackMode_6_1.bmp">
      <Filter>Resource Files</Filter>
    </Image>
    <Image Include="RES\Enemy\SmileSunFlower\dead\SunFlower_dead_1.bmp">
      <Filter>Resource Files</Filter>
    </Image>
    <Image Include="RES\Enemy\SmileSunFlower\dead\SunFlower_dead_2.bmp">
      <Filter>Resource Files</Filter>
    </Image>
    <Image Include="RES\Enemy\SmileSunFlower\dead\SunFlower_dead_3.bmp">
      <Filter>Resource Files</Filter>
    </Image>
    <Image Include="RES\Enemy\SmileSunFlower\dead\SunFlower_dead_4.bmp">
      <Filter>Resource Files</Filter>
    </Image>
    <Image Include="RES\Enemy\SmileSunFlower\dead\SunFlower_dead_5.bmp">
      <Filter>Resource Files</Filter>
    </Image>
    <Image Include="RES\charactor\jump1\HeroJump_3_1.bmp">
      <Filter>Resource Files</Filter>
    </Image>
    <Image Include="RES\charactor\jump1\HeroJump_4_1.bmp">
      <Filter>Resource Files</Filter>
    </Image>
    <Image Include="RES\charactor\jump1\HeroJump_5_1.bmp">
      <Filter>Resource Files</Filter>
    </Image>
    <Image Include="RES\charactor\jump1\HeroJump_6_1.bmp">
      <Filter>Resource Files</Filter>
    </Image>
    <Image Include="RES\charactor\jump1\HeroJump_7_1.bmp">
      <Filter>Resource Files</Filter>
    </Image>
    <Image Include="RES\UI_1\LifeBar.bmp">
      <Filter>Resource Files</Filter>
    </Image>
    <Image Include="RES\UI\LifeBarHead.bmp">
      <Filter>Resource Files</Filter>
    </Image>
    <Image Include="RES\charactor\Left_Dash\Left_Dash_1.bmp">
      <Filter>Resource Files</Filter>
    </Image>
    <Image Include="RES\charactor\Left_Dash\Left_Dash_2.bmp">
      <Filter>Resource Files</Filter>
    </Image>
    <Image Include="RES\charactor\Left_Dash\Left_Dash_3.bmp">
      <Filter>Resource Files</Filter>
    </Image>
    <Image Include="RES\charactor\Left_Dash\Left_Dash_4.bmp">
      <Filter>Resource Files</Filter>
    </Image>
    <Image Include="RES\UI\LifeBar.bmp">
      <Filter>Resource Files</Filter>
    </Image>
    <Image Include="RES\charactor\Right_Dash\Right_Dash_1.bmp">
      <Filter>Resource Files</Filter>
    </Image>
    <Image Include="RES\charactor\Right_Dash\Right_Dash_2.bmp">
      <Filter>Resource Files</Filter>
    </Image>
    <Image Include="RES\charactor\Right_Dash\Right_Dash_3.bmp">
      <Filter>Resource Files</Filter>
    </Image>
    <Image Include="RES\charactor\Right_Dash\Right_Dash_4.bmp">
      <Filter>Resource Files</Filter>
    </Image>
    <Image Include="RES\charactor\Roll_Left\Hero_Roll_Left_1.bmp">
      <Filter>Resource Files</Filter>
    </Image>
    <Image Include="RES\charactor\Roll_Left\Hero_Roll_Left_2.bmp">
      <Filter>Resource Files</Filter>
    </Image>
    <Image Include="RES\charactor\Roll_Left\Hero_Roll_Left_3.bmp">
      <Filter>Resource Files</Filter>
    </Image>
    <Image Include="RES\charactor\Roll_Left\Hero_Roll_Left_4.bmp">
      <Filter>Resource Files</Filter>
    </Image>
    <Image Include="RES\charactor\Roll_Right\Hero_Roll_Right_1.bmp">
      <Filter>Resource Files</Filter>
    </Image>
    <Image Include="RES\charactor\Roll_Right\Hero_Roll_Right_2.bmp">
      <Filter>Resource Files</Filter>
    </Image>
    <Image Include="RES\charactor\Roll_Right\Hero_Roll_Right_3.bmp">
      <Filter>Resource Files</Filter>
    </Image>
    <Image Include="RES\charactor\Roll_Right\Hero_Roll_Right_4.bmp">
      <Filter>Resource Files</Filter>
    </Image>
    <Image Include="RES\charactor\Roll_Left\Hero_Roll_Left_5.bmp">
      <Filter>Resource Files</Filter>
    </Image>
    <Image Include="RES\charactor\Roll_Left\Hero_Roll_Left_6.bmp">
      <Filter>Resource Files</Filter>
    </Image>
    <Image Include="RES\charactor\Roll_Right\Hero_Roll_Right_5.bmp">
      <Filter>Resource Files</Filter>
    </Image>
    <Image Include="RES\charactor\Roll_Right\Hero_Roll_Right_6.bmp">
      <Filter>Resource Files</Filter>
    </Image>
    <Image Include="RES\Numbers\NUM_0.bmp">
      <Filter>Resource Files</Filter>
    </Image>
    <Image Include="RES\Numbers\NUM_1.bmp">
      <Filter>Resource Files</Filter>
    </Image>
    <Image Include="RES\Numbers\NUM_2.bmp">
      <Filter>Resource Files</Filter>
    </Image>
    <Image Include="RES\Numbers\NUM_3.bmp">
      <Filter>Resource Files</Filter>
    </Image>
    <Image Include="RES\Numbers\NUM_4.bmp">
      <Filter>Resource Files</Filter>
    </Image>
    <Image Include="RES\Numbers\NUM_5.bmp">
      <Filter>Resource Files</Filter>
    </Image>
    <Image Include="RES\Numbers\NUM_6.bmp">
      <Filter>Resource Files</Filter>
    </Image>
    <Image Include="RES\Numbers\NUM_7.bmp">
      <Filter>Resource Files</Filter>
    </Image>
    <Image Include="RES\Numbers\NUM_8.bmp">
      <Filter>Resource Files</Filter>
    </Image>
    <Image Include="RES\Numbers\NUM_9.bmp">
      <Filter>Resource Files</Filter>
    </Image>
    <Image Include="RES\NPC\Old_Man\Old_Man_1.bmp">
      <Filter>Resource Files</Filter>
    </Image>
    <Image Include="RES\NPC\Old_Man\Old_Man_2.bmp">
      <Filter>Resource Files</Filter>
    </Image>
    <Image Include="RES\NPC\Old_Man\Old_Man_3.bmp">
      <Filter>Resource Files</Filter>
    </Image>
    <Image Include="RES\NPC\Interaction_Bar\Hit_Top_Arrow\Hit_Top_Arrow_1.bmp">
      <Filter>Resource Files</Filter>
    </Image>
    <Image Include="RES\NPC\Interaction_Bar\Hit_Top_Arrow\Hit_Top_Arrow_2.bmp">
      <Filter>Resource Files</Filter>
    </Image>
    <Image Include="RES\NPC\Interaction_Bar\TALK\TALK_BAR_1.bmp">
      <Filter>Resource Files</Filter>
    </Image>
    <Image Include="RES\NPC\Interaction_Bar\TALK\TALK_BAR_2.bmp">
      <Filter>Resource Files</Filter>
    </Image>
    <Image Include="RES\NPC\Interaction_Bar\TALK\TALK_BAR_3.bmp">
      <Filter>Resource Files</Filter>
    </Image>
    <Image Include="RES\NPC\Interaction_Bar\TALK\TALK_BAR_4.bmp">
      <Filter>Resource Files</Filter>
    </Image>
  </ItemGroup>
</Project>